// !$*UTF8*$!
{
	archiveVersion = 1;
	classes = {
	};
	objectVersion = 50;
	objects = {

/* Begin PBXBuildFile section */
		CA2D14DB20FDC3D500F54F8E /* AppDelegate.m in Sources */ = {isa = PBXBuildFile; fileRef = CA2D14DA20FDC3D500F54F8E /* AppDelegate.m */; };
		CA2D14E120FDC3D500F54F8E /* Main.storyboard in Resources */ = {isa = PBXBuildFile; fileRef = CA2D14DF20FDC3D500F54F8E /* Main.storyboard */; };
		CA2D14E320FDC3D700F54F8E /* Assets.xcassets in Resources */ = {isa = PBXBuildFile; fileRef = CA2D14E220FDC3D700F54F8E /* Assets.xcassets */; };
		CA2D14E620FDC3D700F54F8E /* LaunchScreen.storyboard in Resources */ = {isa = PBXBuildFile; fileRef = CA2D14E420FDC3D700F54F8E /* LaunchScreen.storyboard */; };
		CA2D14E920FDC3D700F54F8E /* main.m in Sources */ = {isa = PBXBuildFile; fileRef = CA2D14E820FDC3D700F54F8E /* main.m */; };
		CA2D14F520FDC43E00F54F8E /* XMGridMoveFlowLayout.m in Sources */ = {isa = PBXBuildFile; fileRef = CA2D14F420FDC43E00F54F8E /* XMGridMoveFlowLayout.m */; };
		CA2D14F920FDC8AE00F54F8E /* XMGridCollectionCell.m in Sources */ = {isa = PBXBuildFile; fileRef = CA2D14F720FDC8AE00F54F8E /* XMGridCollectionCell.m */; };
		CA2D14FA20FDC8AE00F54F8E /* XMGridCollectionCell.xib in Resources */ = {isa = PBXBuildFile; fileRef = CA2D14F820FDC8AE00F54F8E /* XMGridCollectionCell.xib */; };
		CA2D14FD20FDCA9800F54F8E /* XMGridModel.m in Sources */ = {isa = PBXBuildFile; fileRef = CA2D14FC20FDCA9800F54F8E /* XMGridModel.m */; };
		CA2D150020FDCCA800F54F8E /* XMGridViewController.m in Sources */ = {isa = PBXBuildFile; fileRef = CA2D14FF20FDCCA800F54F8E /* XMGridViewController.m */; };
		CA2D150420FDCD7A00F54F8E /* XMGridSectionHeaderView.m in Sources */ = {isa = PBXBuildFile; fileRef = CA2D150220FDCD7A00F54F8E /* XMGridSectionHeaderView.m */; };
		CA2D150520FDCD7A00F54F8E /* XMGridSectionHeaderView.xib in Resources */ = {isa = PBXBuildFile; fileRef = CA2D150320FDCD7A00F54F8E /* XMGridSectionHeaderView.xib */; };
/* End PBXBuildFile section */

/* Begin PBXFileReference section */
		CA2D14D620FDC3D500F54F8E /* XMGridMoveLayout.app */ = {isa = PBXFileReference; explicitFileType = wrapper.application; includeInIndex = 0; path = XMGridMoveLayout.app; sourceTree = BUILT_PRODUCTS_DIR; };
		CA2D14D920FDC3D500F54F8E /* AppDelegate.h */ = {isa = PBXFileReference; lastKnownFileType = sourcecode.c.h; path = AppDelegate.h; sourceTree = "<group>"; };
		CA2D14DA20FDC3D500F54F8E /* AppDelegate.m */ = {isa = PBXFileReference; lastKnownFileType = sourcecode.c.objc; path = AppDelegate.m; sourceTree = "<group>"; };
		CA2D14E020FDC3D500F54F8E /* Base */ = {isa = PBXFileReference; lastKnownFileType = file.storyboard; name = Base; path = Base.lproj/Main.storyboard; sourceTree = "<group>"; };
		CA2D14E220FDC3D700F54F8E /* Assets.xcassets */ = {isa = PBXFileReference; lastKnownFileType = folder.assetcatalog; path = Assets.xcassets; sourceTree = "<group>"; };
		CA2D14E520FDC3D700F54F8E /* Base */ = {isa = PBXFileReference; lastKnownFileType = file.storyboard; name = Base; path = Base.lproj/LaunchScreen.storyboard; sourceTree = "<group>"; };
		CA2D14E720FDC3D700F54F8E /* Info.plist */ = {isa = PBXFileReference; lastKnownFileType = text.plist.xml; path = Info.plist; sourceTree = "<group>"; };
		CA2D14E820FDC3D700F54F8E /* main.m */ = {isa = PBXFileReference; lastKnownFileType = sourcecode.c.objc; path = main.m; sourceTree = "<group>"; };
		CA2D14F320FDC43E00F54F8E /* XMGridMoveFlowLayout.h */ = {isa = PBXFileReference; lastKnownFileType = sourcecode.c.h; path = XMGridMoveFlowLayout.h; sourceTree = "<group>"; };
		CA2D14F420FDC43E00F54F8E /* XMGridMoveFlowLayout.m */ = {isa = PBXFileReference; lastKnownFileType = sourcecode.c.objc; path = XMGridMoveFlowLayout.m; sourceTree = "<group>"; };
		CA2D14F620FDC8AE00F54F8E /* XMGridCollectionCell.h */ = {isa = PBXFileReference; lastKnownFileType = sourcecode.c.h; path = XMGridCollectionCell.h; sourceTree = "<group>"; };
		CA2D14F720FDC8AE00F54F8E /* XMGridCollectionCell.m */ = {isa = PBXFileReference; lastKnownFileType = sourcecode.c.objc; path = XMGridCollectionCell.m; sourceTree = "<group>"; };
		CA2D14F820FDC8AE00F54F8E /* XMGridCollectionCell.xib */ = {isa = PBXFileReference; lastKnownFileType = file.xib; path = XMGridCollectionCell.xib; sourceTree = "<group>"; };
		CA2D14FB20FDCA9800F54F8E /* XMGridModel.h */ = {isa = PBXFileReference; lastKnownFileType = sourcecode.c.h; path = XMGridModel.h; sourceTree = "<group>"; };
		CA2D14FC20FDCA9800F54F8E /* XMGridModel.m */ = {isa = PBXFileReference; lastKnownFileType = sourcecode.c.objc; path = XMGridModel.m; sourceTree = "<group>"; };
		CA2D14FE20FDCCA800F54F8E /* XMGridViewController.h */ = {isa = PBXFileReference; lastKnownFileType = sourcecode.c.h; path = XMGridViewController.h; sourceTree = "<group>"; };
		CA2D14FF20FDCCA800F54F8E /* XMGridViewController.m */ = {isa = PBXFileReference; lastKnownFileType = sourcecode.c.objc; path = XMGridViewController.m; sourceTree = "<group>"; };
		CA2D150120FDCD7A00F54F8E /* XMGridSectionHeaderView.h */ = {isa = PBXFileReference; lastKnownFileType = sourcecode.c.h; path = XMGridSectionHeaderView.h; sourceTree = "<group>"; };
		CA2D150220FDCD7A00F54F8E /* XMGridSectionHeaderView.m */ = {isa = PBXFileReference; lastKnownFileType = sourcecode.c.objc; path = XMGridSectionHeaderView.m; sourceTree = "<group>"; };
		CA2D150320FDCD7A00F54F8E /* XMGridSectionHeaderView.xib */ = {isa = PBXFileReference; lastKnownFileType = file.xib; path = XMGridSectionHeaderView.xib; sourceTree = "<group>"; };
/* End PBXFileReference section */

/* Begin PBXFrameworksBuildPhase section */
		CA2D14D320FDC3D500F54F8E /* Frameworks */ = {
			isa = PBXFrameworksBuildPhase;
			buildActionMask = 2147483647;
			files = (
			);
			runOnlyForDeploymentPostprocessing = 0;
		};
/* End PBXFrameworksBuildPhase section */

/* Begin PBXGroup section */
		CA2D14CD20FDC3D500F54F8E = {
			isa = PBXGroup;
			children = (
				CA2D14D820FDC3D500F54F8E /* XMGridMoveLayout */,
				CA2D14D720FDC3D500F54F8E /* Products */,
			);
			sourceTree = "<group>";
		};
		CA2D14D720FDC3D500F54F8E /* Products */ = {
			isa = PBXGroup;
			children = (
				CA2D14D620FDC3D500F54F8E /* XMGridMoveLayout.app */,
			);
			name = Products;
			sourceTree = "<group>";
		};
		CA2D14D820FDC3D500F54F8E /* XMGridMoveLayout */ = {
			isa = PBXGroup;
			children = (
				CA2D14F220FDC3FA00F54F8E /* Controller */,
				CA2D14F120FDC3F400F54F8E /* View */,
				CA2D14F020FDC3EF00F54F8E /* Model */,
				CA2D14EF20FDC3E000F54F8E /* XMGridMoveLayout */,
				CA2D14D920FDC3D500F54F8E /* AppDelegate.h */,
				CA2D14DA20FDC3D500F54F8E /* AppDelegate.m */,
				CA2D14DF20FDC3D500F54F8E /* Main.storyboard */,
				CA2D14E220FDC3D700F54F8E /* Assets.xcassets */,
				CA2D14E420FDC3D700F54F8E /* LaunchScreen.storyboard */,
				CA2D14E720FDC3D700F54F8E /* Info.plist */,
				CA2D14E820FDC3D700F54F8E /* main.m */,
			);
			path = XMGridMoveLayout;
			sourceTree = "<group>";
		};
		CA2D14EF20FDC3E000F54F8E /* XMGridMoveLayout */ = {
			isa = PBXGroup;
			children = (
				CA2D14F320FDC43E00F54F8E /* XMGridMoveFlowLayout.h */,
				CA2D14F420FDC43E00F54F8E /* XMGridMoveFlowLayout.m */,
			);
			path = XMGridMoveLayout;
			sourceTree = "<group>";
		};
		CA2D14F020FDC3EF00F54F8E /* Model */ = {
			isa = PBXGroup;
			children = (
				CA2D14FB20FDCA9800F54F8E /* XMGridModel.h */,
				CA2D14FC20FDCA9800F54F8E /* XMGridModel.m */,
			);
			path = Model;
			sourceTree = "<group>";
		};
		CA2D14F120FDC3F400F54F8E /* View */ = {
			isa = PBXGroup;
			children = (
				CA2D14F620FDC8AE00F54F8E /* XMGridCollectionCell.h */,
				CA2D14F720FDC8AE00F54F8E /* XMGridCollectionCell.m */,
				CA2D14F820FDC8AE00F54F8E /* XMGridCollectionCell.xib */,
				CA2D150120FDCD7A00F54F8E /* XMGridSectionHeaderView.h */,
				CA2D150220FDCD7A00F54F8E /* XMGridSectionHeaderView.m */,
				CA2D150320FDCD7A00F54F8E /* XMGridSectionHeaderView.xib */,
			);
			path = View;
			sourceTree = "<group>";
		};
		CA2D14F220FDC3FA00F54F8E /* Controller */ = {
			isa = PBXGroup;
			children = (
				CA2D14FE20FDCCA800F54F8E /* XMGridViewController.h */,
				CA2D14FF20FDCCA800F54F8E /* XMGridViewController.m */,
			);
			path = Controller;
			sourceTree = "<group>";
		};
/* End PBXGroup section */

/* Begin PBXNativeTarget section */
		CA2D14D520FDC3D500F54F8E /* XMGridMoveLayout */ = {
			isa = PBXNativeTarget;
			buildConfigurationList = CA2D14EC20FDC3D700F54F8E /* Build configuration list for PBXNativeTarget "XMGridMoveLayout" */;
			buildPhases = (
				CA2D14D220FDC3D500F54F8E /* Sources */,
				CA2D14D320FDC3D500F54F8E /* Frameworks */,
				CA2D14D420FDC3D500F54F8E /* Resources */,
			);
			buildRules = (
			);
			dependencies = (
			);
			name = XMGridMoveLayout;
			productName = XMGridMoveLayout;
			productReference = CA2D14D620FDC3D500F54F8E /* XMGridMoveLayout.app */;
			productType = "com.apple.product-type.application";
		};
/* End PBXNativeTarget section */

/* Begin PBXProject section */
		CA2D14CE20FDC3D500F54F8E /* Project object */ = {
			isa = PBXProject;
			attributes = {
				LastUpgradeCheck = 0940;
				ORGANIZATIONNAME = "北京大账房信息技术有限公司";
				TargetAttributes = {
					CA2D14D520FDC3D500F54F8E = {
						CreatedOnToolsVersion = 9.4.1;
					};
				};
			};
			buildConfigurationList = CA2D14D120FDC3D500F54F8E /* Build configuration list for PBXProject "XMGridMoveLayout" */;
			compatibilityVersion = "Xcode 9.3";
			developmentRegion = en;
			hasScannedForEncodings = 0;
			knownRegions = (
				en,
				Base,
			);
			mainGroup = CA2D14CD20FDC3D500F54F8E;
			productRefGroup = CA2D14D720FDC3D500F54F8E /* Products */;
			projectDirPath = "";
			projectRoot = "";
			targets = (
				CA2D14D520FDC3D500F54F8E /* XMGridMoveLayout */,
			);
		};
/* End PBXProject section */

/* Begin PBXResourcesBuildPhase section */
		CA2D14D420FDC3D500F54F8E /* Resources */ = {
			isa = PBXResourcesBuildPhase;
			buildActionMask = 2147483647;
			files = (
				CA2D150520FDCD7A00F54F8E /* XMGridSectionHeaderView.xib in Resources */,
				CA2D14FA20FDC8AE00F54F8E /* XMGridCollectionCell.xib in Resources */,
				CA2D14E620FDC3D700F54F8E /* LaunchScreen.storyboard in Resources */,
				CA2D14E320FDC3D700F54F8E /* Assets.xcassets in Resources */,
				CA2D14E120FDC3D500F54F8E /* Main.storyboard in Resources */,
			);
			runOnlyForDeploymentPostprocessing = 0;
		};
/* End PBXResourcesBuildPhase section */

/* Begin PBXSourcesBuildPhase section */
		CA2D14D220FDC3D500F54F8E /* Sources */ = {
			isa = PBXSourcesBuildPhase;
			buildActionMask = 2147483647;
			files = (
				CA2D14F920FDC8AE00F54F8E /* XMGridCollectionCell.m in Sources */,
				CA2D150420FDCD7A00F54F8E /* XMGridSectionHeaderView.m in Sources */,
				CA2D14F520FDC43E00F54F8E /* XMGridMoveFlowLayout.m in Sources */,
				CA2D14E920FDC3D700F54F8E /* main.m in Sources */,
				CA2D14FD20FDCA9800F54F8E /* XMGridModel.m in Sources */,
				CA2D14DB20FDC3D500F54F8E /* AppDelegate.m in Sources */,
				CA2D150020FDCCA800F54F8E /* XMGridViewController.m in Sources */,
			);
			runOnlyForDeploymentPostprocessing = 0;
		};
/* End PBXSourcesBuildPhase section */

/* Begin PBXVariantGroup section */
		CA2D14DF20FDC3D500F54F8E /* Main.storyboard */ = {
			isa = PBXVariantGroup;
			children = (
				CA2D14E020FDC3D500F54F8E /* Base */,
			);
			name = Main.storyboard;
			sourceTree = "<group>";
		};
		CA2D14E420FDC3D700F54F8E /* LaunchScreen.storyboard */ = {
			isa = PBXVariantGroup;
			children = (
				CA2D14E520FDC3D700F54F8E /* Base */,
			);
			name = LaunchScreen.storyboard;
			sourceTree = "<group>";
		};
/* End PBXVariantGroup section */

/* Begin XCBuildConfiguration section */
		CA2D14EA20FDC3D700F54F8E /* Debug */ = {
			isa = XCBuildConfiguration;
			buildSettings = {
				ALWAYS_SEARCH_USER_PATHS = NO;
				CLANG_ANALYZER_NONNULL = YES;
				CLANG_ANALYZER_NUMBER_OBJECT_CONVERSION = YES_AGGRESSIVE;
				CLANG_CXX_LANGUAGE_STANDARD = "gnu++14";
				CLANG_CXX_LIBRARY = "libc++";
				CLANG_ENABLE_MODULES = YES;
				CLANG_ENABLE_OBJC_ARC = YES;
				CLANG_ENABLE_OBJC_WEAK = YES;
				CLANG_WARN_BLOCK_CAPTURE_AUTORELEASING = YES;
				CLANG_WARN_BOOL_CONVERSION = YES;
				CLANG_WARN_COMMA = YES;
				CLANG_WARN_CONSTANT_CONVERSION = YES;
				CLANG_WARN_DEPRECATED_OBJC_IMPLEMENTATIONS = YES;
				CLANG_WARN_DIRECT_OBJC_ISA_USAGE = YES_ERROR;
				CLANG_WARN_DOCUMENTATION_COMMENTS = YES;
				CLANG_WARN_EMPTY_BODY = YES;
				CLANG_WARN_ENUM_CONVERSION = YES;
				CLANG_WARN_INFINITE_RECURSION = YES;
				CLANG_WARN_INT_CONVERSION = YES;
				CLANG_WARN_NON_LITERAL_NULL_CONVERSION = YES;
				CLANG_WARN_OBJC_IMPLICIT_RETAIN_SELF = YES;
				CLANG_WARN_OBJC_LITERAL_CONVERSION = YES;
				CLANG_WARN_OBJC_ROOT_CLASS = YES_ERROR;
				CLANG_WARN_RANGE_LOOP_ANALYSIS = YES;
				CLANG_WARN_STRICT_PROTOTYPES = YES;
				CLANG_WARN_SUSPICIOUS_MOVE = YES;
				CLANG_WARN_UNGUARDED_AVAILABILITY = YES_AGGRESSIVE;
				CLANG_WARN_UNREACHABLE_CODE = YES;
				CLANG_WARN__DUPLICATE_METHOD_MATCH = YES;
				CODE_SIGN_IDENTITY = "iPhone Developer";
				COPY_PHASE_STRIP = NO;
				DEBUG_INFORMATION_FORMAT = dwarf;
				ENABLE_STRICT_OBJC_MSGSEND = YES;
				ENABLE_TESTABILITY = YES;
				GCC_C_LANGUAGE_STANDARD = gnu11;
				GCC_DYNAMIC_NO_PIC = NO;
				GCC_NO_COMMON_BLOCKS = YES;
				GCC_OPTIMIZATION_LEVEL = 0;
				GCC_PREPROCESSOR_DEFINITIONS = (
					"DEBUG=1",
					"$(inherited)",
				);
				GCC_WARN_64_TO_32_BIT_CONVERSION = YES;
				GCC_WARN_ABOUT_RETURN_TYPE = YES_ERROR;
				GCC_WARN_UNDECLARED_SELECTOR = YES;
				GCC_WARN_UNINITIALIZED_AUTOS = YES_AGGRESSIVE;
				GCC_WARN_UNUSED_FUNCTION = YES;
				GCC_WARN_UNUSED_VARIABLE = YES;
				IPHONEOS_DEPLOYMENT_TARGET = 11.4;
				MTL_ENABLE_DEBUG_INFO = YES;
				ONLY_ACTIVE_ARCH = YES;
				SDKROOT = iphoneos;
			};
			name = Debug;
		};
		CA2D14EB20FDC3D700F54F8E /* Release */ = {
			isa = XCBuildConfiguration;
			buildSettings = {
				ALWAYS_SEARCH_USER_PATHS = NO;
				CLANG_ANALYZER_NONNULL = YES;
				CLANG_ANALYZER_NUMBER_OBJECT_CONVERSION = YES_AGGRESSIVE;
				CLANG_CXX_LANGUAGE_STANDARD = "gnu++14";
				CLANG_CXX_LIBRARY = "libc++";
				CLANG_ENABLE_MODULES = YES;
				CLANG_ENABLE_OBJC_ARC = YES;
				CLANG_ENABLE_OBJC_WEAK = YES;
				CLANG_WARN_BLOCK_CAPTURE_AUTORELEASING = YES;
				CLANG_WARN_BOOL_CONVERSION = YES;
				CLANG_WARN_COMMA = YES;
				CLANG_WARN_CONSTANT_CONVERSION = YES;
				CLANG_WARN_DEPRECATED_OBJC_IMPLEMENTATIONS = YES;
				CLANG_WARN_DIRECT_OBJC_ISA_USAGE = YES_ERROR;
				CLANG_WARN_DOCUMENTATION_COMMENTS = YES;
				CLANG_WARN_EMPTY_BODY = YES;
				CLANG_WARN_ENUM_CONVERSION = YES;
				CLANG_WARN_INFINITE_RECURSION = YES;
				CLANG_WARN_INT_CONVERSION = YES;
				CLANG_WARN_NON_LITERAL_NULL_CONVERSION = YES;
				CLANG_WARN_OBJC_IMPLICIT_RETAIN_SELF = YES;
				CLANG_WARN_OBJC_LITERAL_CONVERSION = YES;
				CLANG_WARN_OBJC_ROOT_CLASS = YES_ERROR;
				CLANG_WARN_RANGE_LOOP_ANALYSIS = YES;
				CLANG_WARN_STRICT_PROTOTYPES = YES;
				CLANG_WARN_SUSPICIOUS_MOVE = YES;
				CLANG_WARN_UNGUARDED_AVAILABILITY = YES_AGGRESSIVE;
				CLANG_WARN_UNREACHABLE_CODE = YES;
				CLANG_WARN__DUPLICATE_METHOD_MATCH = YES;
				CODE_SIGN_IDENTITY = "iPhone Developer";
				COPY_PHASE_STRIP = NO;
				DEBUG_INFORMATION_FORMAT = "dwarf-with-dsym";
				ENABLE_NS_ASSERTIONS = NO;
				ENABLE_STRICT_OBJC_MSGSEND = YES;
				GCC_C_LANGUAGE_STANDARD = gnu11;
				GCC_NO_COMMON_BLOCKS = YES;
				GCC_WARN_64_TO_32_BIT_CONVERSION = YES;
				GCC_WARN_ABOUT_RETURN_TYPE = YES_ERROR;
				GCC_WARN_UNDECLARED_SELECTOR = YES;
				GCC_WARN_UNINITIALIZED_AUTOS = YES_AGGRESSIVE;
				GCC_WARN_UNUSED_FUNCTION = YES;
				GCC_WARN_UNUSED_VARIABLE = YES;
				IPHONEOS_DEPLOYMENT_TARGET = 11.4;
				MTL_ENABLE_DEBUG_INFO = NO;
				SDKROOT = iphoneos;
				VALIDATE_PRODUCT = YES;
			};
			name = Release;
		};
		CA2D14ED20FDC3D700F54F8E /* Debug */ = {
			isa = XCBuildConfiguration;
			buildSettings = {
				ASSETCATALOG_COMPILER_APPICON_NAME = AppIcon;
				CODE_SIGN_STYLE = Automatic;
				INFOPLIST_FILE = XMGridMoveLayout/Info.plist;
				LD_RUNPATH_SEARCH_PATHS = (
					"$(inherited)",
					"@executable_path/Frameworks",
				);
				PRODUCT_BUNDLE_IDENTIFIER = com.dazhangfang.cn.XMGridMoveLayout;
				PRODUCT_NAME = "$(TARGET_NAME)";
				TARGETED_DEVICE_FAMILY = "1,2";
			};
			name = Debug;
		};
		CA2D14EE20FDC3D700F54F8E /* Release */ = {
			isa = XCBuildConfiguration;
			buildSettings = {
				ASSETCATALOG_COMPILER_APPICON_NAME = AppIcon;
				CODE_SIGN_STYLE = Automatic;
				INFOPLIST_FILE = XMGridMoveLayout/Info.plist;
				LD_RUNPATH_SEARCH_PATHS = (
					"$(inherited)",
					"@executable_path/Frameworks",
				);
				PRODUCT_BUNDLE_IDENTIFIER = com.dazhangfang.cn.XMGridMoveLayout;
				PRODUCT_NAME = "$(TARGET_NAME)";
				TARGETED_DEVICE_FAMILY = "1,2";
			};
			name = Release;
		};
/* End XCBuildConfiguration section */

/* Begin XCConfigurationList section */
		CA2D14D120FDC3D500F54F8E /* Build configuration list for PBXProject "XMGridMoveLayout" */ = {
			isa = XCConfigurationList;
			buildConfigurations = (
				CA2D14EA20FDC3D700F54F8E /* Debug */,
				CA2D14EB20FDC3D700F54F8E /* Release */,
			);
			defaultConfigurationIsVisible = 0;
			defaultConfigurationName = Release;
		};
		CA2D14EC20FDC3D700F54F8E /* Build configuration list for PBXNativeTarget "XMGridMoveLayout" */ = {
			isa = XCConfigurationList;
			buildConfigurations = (
				CA2D14ED20FDC3D700F54F8E /* Debug */,
				CA2D14EE20FDC3D700F54F8E /* Release */,
			);
			defaultConfigurationIsVisible = 0;
			defaultConfigurationName = Release;
		};
/* End XCConfigurationList section */
	};
	rootObject = CA2D14CE20FDC3D500F54F8E /* Project object */;
}
